{
    "_readme": [
        "This file locks the dependencies of your project to a known state",
        "Read more about it at https://getcomposer.org/doc/01-basic-usage.md#composer-lock-the-lock-file",
        "This file is @generated automatically"
    ],
    "hash": "a80cf49e561da5af2cd4c1e3dfdbc623",
    "content-hash": "4b8f970a1dc7a59595b1024e84320d82",
    "packages": [
        {
            "name": "jakoch/phantomjs-installer",
            "version": "2.1.1-p08",
            "source": {
                "type": "git",
                "url": "https://github.com/jakoch/phantomjs-installer.git",
                "reference": "7775820cf5eae8962cf68ab44757238e4d3136cc"
            },
            "dist": {
                "type": "zip",
                "url": "https://api.github.com/repos/jakoch/phantomjs-installer/zipball/7775820cf5eae8962cf68ab44757238e4d3136cc",
                "reference": "7775820cf5eae8962cf68ab44757238e4d3136cc",
                "shasum": ""
            },
            "require": {
                "ext-bz2": "*",
                "ext-openssl": "*",
                "php": ">5.3"
            },
            "require-dev": {
                "composer/composer": "^1.2",
                "phpunit/phpunit": "^4.8"
            },
            "type": "custom-installer",
            "autoload": {
                "psr-4": {
                    "PhantomInstaller\\Test\\": "tests/"
                },
                "psr-0": {
                    "PhantomInstaller\\": "src/"
                }
            },
            "notification-url": "https://packagist.org/downloads/",
            "license": [
                "MIT"
            ],
            "authors": [
                {
                    "name": "Jens-André Koch",
                    "email": "jakoch@web.de"
                }
            ],
            "description": "A Composer package which installs the PhantomJS binary (Linux, Windows, Mac) into `/bin` of your project.",
            "keywords": [
                "binaries",
                "headless",
                "phantomjs"
            ],
            "time": "2017-01-10 09:56:38"
        }
    ],
    "packages-dev": [],
    "aliases": [],
    "minimum-stability": "stable",
    "stability-flags": [],
    "prefer-stable": false,
    "prefer-lowest": false,
    "platform": [],
    "platform-dev": []
}
